// !$*UTF8*$!
{
	archiveVersion = 1;
	classes = {
	};
	objectVersion = 56;
	objects = {

/* Begin PBXBuildFile section */
		92459B322C8762B400305798 /* Config.xcconfig in Resources */ = {isa = PBXBuildFile; fileRef = 92459B312C8762B300305798 /* Config.xcconfig */; };
		92459B342C87636700305798 /* Version.sh in Resources */ = {isa = PBXBuildFile; fileRef = 92459B332C87636700305798 /* Version.sh */; };
		92459B372C8764AF00305798 /* Move.swift in Sources */ = {isa = PBXBuildFile; fileRef = 92459B362C8764AF00305798 /* Move.swift */; };
		92459B392C8764B600305798 /* MovesViewModel.swift in Sources */ = {isa = PBXBuildFile; fileRef = 92459B382C8764B600305798 /* MovesViewModel.swift */; };
		92459B3B2C8764BB00305798 /* MoveType.swift in Sources */ = {isa = PBXBuildFile; fileRef = 92459B3A2C8764BB00305798 /* MoveType.swift */; };
		92459B3E2C8764F300305798 /* TimerView.swift in Sources */ = {isa = PBXBuildFile; fileRef = 92459B3D2C8764F300305798 /* TimerView.swift */; };
		92459B402C87658900305798 /* FlowView.swift in Sources */ = {isa = PBXBuildFile; fileRef = 92459B3F2C87658900305798 /* FlowView.swift */; };
		92459B422C87659A00305798 /* ConfigurationView.swift in Sources */ = {isa = PBXBuildFile; fileRef = 92459B412C87659A00305798 /* ConfigurationView.swift */; };
		92459B442C8765C000305798 /* MovesListView.swift in Sources */ = {isa = PBXBuildFile; fileRef = 92459B432C8765C000305798 /* MovesListView.swift */; };
		92459B462C8765DD00305798 /* AddMoveView.swift in Sources */ = {isa = PBXBuildFile; fileRef = 92459B452C8765DD00305798 /* AddMoveView.swift */; };
		92459B482C8765FA00305798 /* MoveDetailView.swift in Sources */ = {isa = PBXBuildFile; fileRef = 92459B472C8765FA00305798 /* MoveDetailView.swift */; };
		92459B512C876B8600305798 /* breakFlow_watchOSApp.swift in Sources */ = {isa = PBXBuildFile; fileRef = 92459B502C876B8600305798 /* breakFlow_watchOSApp.swift */; };
		92459B532C876B8600305798 /* WatchFlowView.swift in Sources */ = {isa = PBXBuildFile; fileRef = 92459B522C876B8600305798 /* WatchFlowView.swift */; };
		92459B552C876B8800305798 /* Assets.xcassets in Resources */ = {isa = PBXBuildFile; fileRef = 92459B542C876B8800305798 /* Assets.xcassets */; };
		92459B582C876B8800305798 /* Preview Assets.xcassets in Resources */ = {isa = PBXBuildFile; fileRef = 92459B572C876B8800305798 /* Preview Assets.xcassets */; };
		92459B5B2C876B8800305798 /* breakFlow.app in Embed Watch Content */ = {isa = PBXBuildFile; fileRef = 92459B4E2C876B8600305798 /* breakFlow.app */; settings = {ATTRIBUTES = (RemoveHeadersOnCopy, ); }; };
		92459B5F2C876B9500305798 /* Move.swift in Sources */ = {isa = PBXBuildFile; fileRef = 92459B362C8764AF00305798 /* Move.swift */; };
		92459B602C876B9500305798 /* MovesViewModel.swift in Sources */ = {isa = PBXBuildFile; fileRef = 92459B382C8764B600305798 /* MovesViewModel.swift */; };
		92459B612C876B9500305798 /* MoveType.swift in Sources */ = {isa = PBXBuildFile; fileRef = 92459B3A2C8764BB00305798 /* MoveType.swift */; };
		92459B632C876BD600305798 /* WatchSettingsView.swift in Sources */ = {isa = PBXBuildFile; fileRef = 92459B622C876BD600305798 /* WatchSettingsView.swift */; };
		927D28EC2C836C99004049DE /* breakFlowApp.swift in Sources */ = {isa = PBXBuildFile; fileRef = 927D28EB2C836C99004049DE /* breakFlowApp.swift */; };
		927D28EE2C836C99004049DE /* ContentView.swift in Sources */ = {isa = PBXBuildFile; fileRef = 927D28ED2C836C99004049DE /* ContentView.swift */; };
		927D28F02C836C9A004049DE /* Assets.xcassets in Resources */ = {isa = PBXBuildFile; fileRef = 927D28EF2C836C9A004049DE /* Assets.xcassets */; };
		927D28F42C836C9A004049DE /* Preview Assets.xcassets in Resources */ = {isa = PBXBuildFile; fileRef = 927D28F32C836C9A004049DE /* Preview Assets.xcassets */; };
/* End PBXBuildFile section */

/* Begin PBXContainerItemProxy section */
		92459B592C876B8800305798 /* PBXContainerItemProxy */ = {
			isa = PBXContainerItemProxy;
			containerPortal = 927D28E02C836C99004049DE /* Project object */;
			proxyType = 1;
			remoteGlobalIDString = 92459B4D2C876B8600305798;
			remoteInfo = "breakFlow-watchOS Watch App";
		};
/* End PBXContainerItemProxy section */

/* Begin PBXCopyFilesBuildPhase section */
		927D29142C865EE5004049DE /* Embed Watch Content */ = {
			isa = PBXCopyFilesBuildPhase;
			buildActionMask = 2147483647;
			dstPath = "$(CONTENTS_FOLDER_PATH)/Watch";
			dstSubfolderSpec = 16;
			files = (
				92459B5B2C876B8800305798 /* breakFlow.app in Embed Watch Content */,
			);
			name = "Embed Watch Content";
			runOnlyForDeploymentPostprocessing = 0;
		};
/* End PBXCopyFilesBuildPhase section */

/* Begin PBXFileReference section */
		92459B312C8762B300305798 /* Config.xcconfig */ = {isa = PBXFileReference; lastKnownFileType = text.xcconfig; path = Config.xcconfig; sourceTree = "<group>"; };
		92459B332C87636700305798 /* Version.sh */ = {isa = PBXFileReference; lastKnownFileType = text.script.sh; path = Version.sh; sourceTree = "<group>"; };
		92459B362C8764AF00305798 /* Move.swift */ = {isa = PBXFileReference; lastKnownFileType = sourcecode.swift; path = Move.swift; sourceTree = "<group>"; };
		92459B382C8764B600305798 /* MovesViewModel.swift */ = {isa = PBXFileReference; lastKnownFileType = sourcecode.swift; path = MovesViewModel.swift; sourceTree = "<group>"; };
		92459B3A2C8764BB00305798 /* MoveType.swift */ = {isa = PBXFileReference; lastKnownFileType = sourcecode.swift; path = MoveType.swift; sourceTree = "<group>"; };
		92459B3D2C8764F300305798 /* TimerView.swift */ = {isa = PBXFileReference; lastKnownFileType = sourcecode.swift; path = TimerView.swift; sourceTree = "<group>"; };
		92459B3F2C87658900305798 /* FlowView.swift */ = {isa = PBXFileReference; lastKnownFileType = sourcecode.swift; path = FlowView.swift; sourceTree = "<group>"; };
		92459B412C87659A00305798 /* ConfigurationView.swift */ = {isa = PBXFileReference; lastKnownFileType = sourcecode.swift; path = ConfigurationView.swift; sourceTree = "<group>"; };
		92459B432C8765C000305798 /* MovesListView.swift */ = {isa = PBXFileReference; lastKnownFileType = sourcecode.swift; path = MovesListView.swift; sourceTree = "<group>"; };
		92459B452C8765DD00305798 /* AddMoveView.swift */ = {isa = PBXFileReference; lastKnownFileType = sourcecode.swift; path = AddMoveView.swift; sourceTree = "<group>"; };
		92459B472C8765FA00305798 /* MoveDetailView.swift */ = {isa = PBXFileReference; lastKnownFileType = sourcecode.swift; path = MoveDetailView.swift; sourceTree = "<group>"; };
		92459B4E2C876B8600305798 /* breakFlow.app */ = {isa = PBXFileReference; explicitFileType = wrapper.application; includeInIndex = 0; path = breakFlow.app; sourceTree = BUILT_PRODUCTS_DIR; };
		92459B502C876B8600305798 /* breakFlow_watchOSApp.swift */ = {isa = PBXFileReference; lastKnownFileType = sourcecode.swift; path = breakFlow_watchOSApp.swift; sourceTree = "<group>"; };
		92459B522C876B8600305798 /* WatchFlowView.swift */ = {isa = PBXFileReference; lastKnownFileType = sourcecode.swift; path = WatchFlowView.swift; sourceTree = "<group>"; };
		92459B542C876B8800305798 /* Assets.xcassets */ = {isa = PBXFileReference; lastKnownFileType = folder.assetcatalog; path = Assets.xcassets; sourceTree = "<group>"; };
		92459B572C876B8800305798 /* Preview Assets.xcassets */ = {isa = PBXFileReference; lastKnownFileType = folder.assetcatalog; path = "Preview Assets.xcassets"; sourceTree = "<group>"; };
		92459B622C876BD600305798 /* WatchSettingsView.swift */ = {isa = PBXFileReference; lastKnownFileType = sourcecode.swift; path = WatchSettingsView.swift; sourceTree = "<group>"; };
		927D28E82C836C99004049DE /* breakFlow.app */ = {isa = PBXFileReference; explicitFileType = wrapper.application; includeInIndex = 0; path = breakFlow.app; sourceTree = BUILT_PRODUCTS_DIR; };
		927D28EB2C836C99004049DE /* breakFlowApp.swift */ = {isa = PBXFileReference; lastKnownFileType = sourcecode.swift; path = breakFlowApp.swift; sourceTree = "<group>"; };
		927D28ED2C836C99004049DE /* ContentView.swift */ = {isa = PBXFileReference; lastKnownFileType = sourcecode.swift; path = ContentView.swift; sourceTree = "<group>"; };
		927D28EF2C836C9A004049DE /* Assets.xcassets */ = {isa = PBXFileReference; lastKnownFileType = folder.assetcatalog; path = Assets.xcassets; sourceTree = "<group>"; };
		927D28F12C836C9A004049DE /* breakFlow.entitlements */ = {isa = PBXFileReference; lastKnownFileType = text.plist.entitlements; path = breakFlow.entitlements; sourceTree = "<group>"; };
		927D28F32C836C9A004049DE /* Preview Assets.xcassets */ = {isa = PBXFileReference; lastKnownFileType = folder.assetcatalog; path = "Preview Assets.xcassets"; sourceTree = "<group>"; };
/* End PBXFileReference section */

/* Begin PBXFrameworksBuildPhase section */
		92459B4B2C876B8600305798 /* Frameworks */ = {
			isa = PBXFrameworksBuildPhase;
			buildActionMask = 2147483647;
			files = (
			);
			runOnlyForDeploymentPostprocessing = 0;
		};
		927D28E52C836C99004049DE /* Frameworks */ = {
			isa = PBXFrameworksBuildPhase;
			buildActionMask = 2147483647;
			files = (
			);
			runOnlyForDeploymentPostprocessing = 0;
		};
/* End PBXFrameworksBuildPhase section */

/* Begin PBXGroup section */
		92459B352C8764A900305798 /* Models */ = {
			isa = PBXGroup;
			children = (
				92459B382C8764B600305798 /* MovesViewModel.swift */,
				92459B3A2C8764BB00305798 /* MoveType.swift */,
				92459B362C8764AF00305798 /* Move.swift */,
			);
			path = Models;
			sourceTree = "<group>";
		};
		92459B492C87664C00305798 /* Views */ = {
			isa = PBXGroup;
			children = (
				927D28ED2C836C99004049DE /* ContentView.swift */,
				92459B3F2C87658900305798 /* FlowView.swift */,
				92459B412C87659A00305798 /* ConfigurationView.swift */,
				92459B432C8765C000305798 /* MovesListView.swift */,
				92459B452C8765DD00305798 /* AddMoveView.swift */,
				92459B472C8765FA00305798 /* MoveDetailView.swift */,
				92459B3D2C8764F300305798 /* TimerView.swift */,
			);
			path = Views;
			sourceTree = "<group>";
		};
		92459B4F2C876B8600305798 /* breakFlow-watchOS Watch App */ = {
			isa = PBXGroup;
			children = (
				92459B502C876B8600305798 /* breakFlow_watchOSApp.swift */,
				92459B522C876B8600305798 /* WatchFlowView.swift */,
				92459B622C876BD600305798 /* WatchSettingsView.swift */,
				92459B542C876B8800305798 /* Assets.xcassets */,
				92459B562C876B8800305798 /* Preview Content */,
			);
			path = "breakFlow-watchOS Watch App";
			sourceTree = "<group>";
		};
		92459B562C876B8800305798 /* Preview Content */ = {
			isa = PBXGroup;
			children = (
				92459B572C876B8800305798 /* Preview Assets.xcassets */,
			);
			path = "Preview Content";
			sourceTree = "<group>";
		};
		927D28DF2C836C99004049DE = {
			isa = PBXGroup;
			children = (
				927D28EA2C836C99004049DE /* breakFlow */,
				92459B4F2C876B8600305798 /* breakFlow-watchOS Watch App */,
				927D28E92C836C99004049DE /* Products */,
			);
			sourceTree = "<group>";
		};
		927D28E92C836C99004049DE /* Products */ = {
			isa = PBXGroup;
			children = (
				927D28E82C836C99004049DE /* breakFlow.app */,
				92459B4E2C876B8600305798 /* breakFlow.app */,
			);
			name = Products;
			sourceTree = "<group>";
		};
		927D28EA2C836C99004049DE /* breakFlow */ = {
			isa = PBXGroup;
			children = (
				927D28EB2C836C99004049DE /* breakFlowApp.swift */,
				92459B492C87664C00305798 /* Views */,
				92459B352C8764A900305798 /* Models */,
				927D28EF2C836C9A004049DE /* Assets.xcassets */,
				927D28F12C836C9A004049DE /* breakFlow.entitlements */,
				927D28F22C836C9A004049DE /* Preview Content */,
				92459B312C8762B300305798 /* Config.xcconfig */,
				92459B332C87636700305798 /* Version.sh */,
			);
			path = breakFlow;
			sourceTree = "<group>";
		};
		927D28F22C836C9A004049DE /* Preview Content */ = {
			isa = PBXGroup;
			children = (
				927D28F32C836C9A004049DE /* Preview Assets.xcassets */,
			);
			path = "Preview Content";
			sourceTree = "<group>";
		};
/* End PBXGroup section */

/* Begin PBXNativeTarget section */
		92459B4D2C876B8600305798 /* breakFlow-watchOS Watch App */ = {
			isa = PBXNativeTarget;
			buildConfigurationList = 92459B5C2C876B8800305798 /* Build configuration list for PBXNativeTarget "breakFlow-watchOS Watch App" */;
			buildPhases = (
				92459B4A2C876B8600305798 /* Sources */,
				92459B4B2C876B8600305798 /* Frameworks */,
				92459B4C2C876B8600305798 /* Resources */,
			);
			buildRules = (
			);
			dependencies = (
			);
			name = "breakFlow-watchOS Watch App";
			productName = "breakFlow-watchOS Watch App";
			productReference = 92459B4E2C876B8600305798 /* breakFlow.app */;
			productType = "com.apple.product-type.application";
		};
		927D28E72C836C99004049DE /* breakFlow */ = {
			isa = PBXNativeTarget;
			buildConfigurationList = 927D28F72C836C9A004049DE /* Build configuration list for PBXNativeTarget "breakFlow" */;
			buildPhases = (
				927D28E42C836C99004049DE /* Sources */,
				927D28E52C836C99004049DE /* Frameworks */,
				927D28E62C836C99004049DE /* Resources */,
				927D29142C865EE5004049DE /* Embed Watch Content */,
			);
			buildRules = (
			);
			dependencies = (
				92459B5A2C876B8800305798 /* PBXTargetDependency */,
			);
			name = breakFlow;
			productName = breakFlow;
			productReference = 927D28E82C836C99004049DE /* breakFlow.app */;
			productType = "com.apple.product-type.application";
		};
/* End PBXNativeTarget section */

/* Begin PBXProject section */
		927D28E02C836C99004049DE /* Project object */ = {
			isa = PBXProject;
			attributes = {
				BuildIndependentTargetsInParallel = 1;
				LastSwiftUpdateCheck = 1510;
				LastUpgradeCheck = 1510;
				TargetAttributes = {
					92459B4D2C876B8600305798 = {
						CreatedOnToolsVersion = 15.1;
					};
					927D28E72C836C99004049DE = {
						CreatedOnToolsVersion = 15.1;
					};
				};
			};
			buildConfigurationList = 927D28E32C836C99004049DE /* Build configuration list for PBXProject "breakFlow" */;
			compatibilityVersion = "Xcode 14.0";
			developmentRegion = en;
			hasScannedForEncodings = 0;
			knownRegions = (
				en,
				Base,
			);
			mainGroup = 927D28DF2C836C99004049DE;
			productRefGroup = 927D28E92C836C99004049DE /* Products */;
			projectDirPath = "";
			projectRoot = "";
			targets = (
				927D28E72C836C99004049DE /* breakFlow */,
				92459B4D2C876B8600305798 /* breakFlow-watchOS Watch App */,
			);
		};
/* End PBXProject section */

/* Begin PBXResourcesBuildPhase section */
		92459B4C2C876B8600305798 /* Resources */ = {
			isa = PBXResourcesBuildPhase;
			buildActionMask = 2147483647;
			files = (
				92459B582C876B8800305798 /* Preview Assets.xcassets in Resources */,
				92459B552C876B8800305798 /* Assets.xcassets in Resources */,
			);
			runOnlyForDeploymentPostprocessing = 0;
		};
		927D28E62C836C99004049DE /* Resources */ = {
			isa = PBXResourcesBuildPhase;
			buildActionMask = 2147483647;
			files = (
				927D28F42C836C9A004049DE /* Preview Assets.xcassets in Resources */,
				92459B342C87636700305798 /* Version.sh in Resources */,
				92459B322C8762B400305798 /* Config.xcconfig in Resources */,
				927D28F02C836C9A004049DE /* Assets.xcassets in Resources */,
			);
			runOnlyForDeploymentPostprocessing = 0;
		};
/* End PBXResourcesBuildPhase section */

/* Begin PBXSourcesBuildPhase section */
		92459B4A2C876B8600305798 /* Sources */ = {
			isa = PBXSourcesBuildPhase;
			buildActionMask = 2147483647;
			files = (
				92459B532C876B8600305798 /* WatchFlowView.swift in Sources */,
				92459B602C876B9500305798 /* MovesViewModel.swift in Sources */,
				92459B612C876B9500305798 /* MoveType.swift in Sources */,
				92459B5F2C876B9500305798 /* Move.swift in Sources */,
				92459B512C876B8600305798 /* breakFlow_watchOSApp.swift in Sources */,
				92459B632C876BD600305798 /* WatchSettingsView.swift in Sources */,
			);
			runOnlyForDeploymentPostprocessing = 0;
		};
		927D28E42C836C99004049DE /* Sources */ = {
			isa = PBXSourcesBuildPhase;
			buildActionMask = 2147483647;
			files = (
				92459B3E2C8764F300305798 /* TimerView.swift in Sources */,
				92459B462C8765DD00305798 /* AddMoveView.swift in Sources */,
				92459B442C8765C000305798 /* MovesListView.swift in Sources */,
				92459B402C87658900305798 /* FlowView.swift in Sources */,
				927D28EE2C836C99004049DE /* ContentView.swift in Sources */,
				92459B482C8765FA00305798 /* MoveDetailView.swift in Sources */,
				92459B392C8764B600305798 /* MovesViewModel.swift in Sources */,
				92459B3B2C8764BB00305798 /* MoveType.swift in Sources */,
				92459B422C87659A00305798 /* ConfigurationView.swift in Sources */,
				92459B372C8764AF00305798 /* Move.swift in Sources */,
				927D28EC2C836C99004049DE /* breakFlowApp.swift in Sources */,
			);
			runOnlyForDeploymentPostprocessing = 0;
		};
/* End PBXSourcesBuildPhase section */

/* Begin PBXTargetDependency section */
		92459B5A2C876B8800305798 /* PBXTargetDependency */ = {
			isa = PBXTargetDependency;
			target = 92459B4D2C876B8600305798 /* breakFlow-watchOS Watch App */;
			targetProxy = 92459B592C876B8800305798 /* PBXContainerItemProxy */;
		};
/* End PBXTargetDependency section */

/* Begin XCBuildConfiguration section */
		92459B5D2C876B8800305798 /* Debug */ = {
			isa = XCBuildConfiguration;
			buildSettings = {
				ASSETCATALOG_COMPILER_APPICON_NAME = AppIcon;
				ASSETCATALOG_COMPILER_GLOBAL_ACCENT_COLOR_NAME = AccentColor;
				CODE_SIGN_STYLE = Automatic;
				CURRENT_PROJECT_VERSION = 1;
				DEVELOPMENT_ASSET_PATHS = "\"breakFlow-watchOS Watch App/Preview Content\"";
				DEVELOPMENT_TEAM = J349HN2J4J;
				ENABLE_PREVIEWS = YES;
				GENERATE_INFOPLIST_FILE = YES;
				INFOPLIST_KEY_UISupportedInterfaceOrientations = "UIInterfaceOrientationPortrait UIInterfaceOrientationPortraitUpsideDown";
				INFOPLIST_KEY_WKCompanionAppBundleIdentifier = com.viktorgordienko.breakFlow;
				LD_RUNPATH_SEARCH_PATHS = (
					"$(inherited)",
					"@executable_path/Frameworks",
				);
				MARKETING_VERSION = 1.0;
				PRODUCT_BUNDLE_IDENTIFIER = com.viktorgordienko.breakFlow.watchkitapp;
				PRODUCT_NAME = breakFlow;
				SDKROOT = watchos;
				SKIP_INSTALL = YES;
				SWIFT_EMIT_LOC_STRINGS = YES;
				SWIFT_VERSION = 5.0;
				TARGETED_DEVICE_FAMILY = 4;
				WATCHOS_DEPLOYMENT_TARGET = 9.0;
			};
			name = Debug;
		};
		92459B5E2C876B8800305798 /* Release */ = {
			isa = XCBuildConfiguration;
			buildSettings = {
				ASSETCATALOG_COMPILER_APPICON_NAME = AppIcon;
				ASSETCATALOG_COMPILER_GLOBAL_ACCENT_COLOR_NAME = AccentColor;
				CODE_SIGN_STYLE = Automatic;
				CURRENT_PROJECT_VERSION = 1;
				DEVELOPMENT_ASSET_PATHS = "\"breakFlow-watchOS Watch App/Preview Content\"";
				DEVELOPMENT_TEAM = J349HN2J4J;
				ENABLE_PREVIEWS = YES;
				GENERATE_INFOPLIST_FILE = YES;
				INFOPLIST_KEY_UISupportedInterfaceOrientations = "UIInterfaceOrientationPortrait UIInterfaceOrientationPortraitUpsideDown";
				INFOPLIST_KEY_WKCompanionAppBundleIdentifier = com.viktorgordienko.breakFlow;
				LD_RUNPATH_SEARCH_PATHS = (
					"$(inherited)",
					"@executable_path/Frameworks",
				);
				MARKETING_VERSION = 1.0;
				PRODUCT_BUNDLE_IDENTIFIER = com.viktorgordienko.breakFlow.watchkitapp;
				PRODUCT_NAME = breakFlow;
				SDKROOT = watchos;
				SKIP_INSTALL = YES;
				SWIFT_EMIT_LOC_STRINGS = YES;
				SWIFT_VERSION = 5.0;
				TARGETED_DEVICE_FAMILY = 4;
				VALIDATE_PRODUCT = YES;
				WATCHOS_DEPLOYMENT_TARGET = 9.0;
			};
			name = Release;
		};
		927D28F52C836C9A004049DE /* Debug */ = {
			isa = XCBuildConfiguration;
			buildSettings = {
				ALWAYS_SEARCH_USER_PATHS = NO;
				ASSETCATALOG_COMPILER_GENERATE_SWIFT_ASSET_SYMBOL_EXTENSIONS = YES;
				CLANG_ANALYZER_NONNULL = YES;
				CLANG_ANALYZER_NUMBER_OBJECT_CONVERSION = YES_AGGRESSIVE;
				CLANG_CXX_LANGUAGE_STANDARD = "gnu++20";
				CLANG_ENABLE_MODULES = YES;
				CLANG_ENABLE_OBJC_ARC = YES;
				CLANG_ENABLE_OBJC_WEAK = YES;
				CLANG_WARN_BLOCK_CAPTURE_AUTORELEASING = YES;
				CLANG_WARN_BOOL_CONVERSION = YES;
				CLANG_WARN_COMMA = YES;
				CLANG_WARN_CONSTANT_CONVERSION = YES;
				CLANG_WARN_DEPRECATED_OBJC_IMPLEMENTATIONS = YES;
				CLANG_WARN_DIRECT_OBJC_ISA_USAGE = YES_ERROR;
				CLANG_WARN_DOCUMENTATION_COMMENTS = YES;
				CLANG_WARN_EMPTY_BODY = YES;
				CLANG_WARN_ENUM_CONVERSION = YES;
				CLANG_WARN_INFINITE_RECURSION = YES;
				CLANG_WARN_INT_CONVERSION = YES;
				CLANG_WARN_NON_LITERAL_NULL_CONVERSION = YES;
				CLANG_WARN_OBJC_IMPLICIT_RETAIN_SELF = YES;
				CLANG_WARN_OBJC_LITERAL_CONVERSION = YES;
				CLANG_WARN_OBJC_ROOT_CLASS = YES_ERROR;
				CLANG_WARN_QUOTED_INCLUDE_IN_FRAMEWORK_HEADER = YES;
				CLANG_WARN_RANGE_LOOP_ANALYSIS = YES;
				CLANG_WARN_STRICT_PROTOTYPES = YES;
				CLANG_WARN_SUSPICIOUS_MOVE = YES;
				CLANG_WARN_UNGUARDED_AVAILABILITY = YES_AGGRESSIVE;
				CLANG_WARN_UNREACHABLE_CODE = YES;
				CLANG_WARN__DUPLICATE_METHOD_MATCH = YES;
				COPY_PHASE_STRIP = NO;
				DEBUG_INFORMATION_FORMAT = dwarf;
				ENABLE_STRICT_OBJC_MSGSEND = YES;
				ENABLE_TESTABILITY = YES;
				ENABLE_USER_SCRIPT_SANDBOXING = YES;
				GCC_C_LANGUAGE_STANDARD = gnu17;
				GCC_DYNAMIC_NO_PIC = NO;
				GCC_NO_COMMON_BLOCKS = YES;
				GCC_OPTIMIZATION_LEVEL = 0;
				GCC_PREPROCESSOR_DEFINITIONS = (
					"DEBUG=1",
					"$(inherited)",
				);
				GCC_WARN_64_TO_32_BIT_CONVERSION = YES;
				GCC_WARN_ABOUT_RETURN_TYPE = YES_ERROR;
				GCC_WARN_UNDECLARED_SELECTOR = YES;
				GCC_WARN_UNINITIALIZED_AUTOS = YES_AGGRESSIVE;
				GCC_WARN_UNUSED_FUNCTION = YES;
				GCC_WARN_UNUSED_VARIABLE = YES;
				LOCALIZATION_PREFERS_STRING_CATALOGS = YES;
				MTL_ENABLE_DEBUG_INFO = INCLUDE_SOURCE;
				MTL_FAST_MATH = YES;
				ONLY_ACTIVE_ARCH = YES;
				SWIFT_ACTIVE_COMPILATION_CONDITIONS = "DEBUG $(inherited)";
				SWIFT_OPTIMIZATION_LEVEL = "-Onone";
			};
			name = Debug;
		};
		927D28F62C836C9A004049DE /* Release */ = {
			isa = XCBuildConfiguration;
			buildSettings = {
				ALWAYS_SEARCH_USER_PATHS = NO;
				ASSETCATALOG_COMPILER_GENERATE_SWIFT_ASSET_SYMBOL_EXTENSIONS = YES;
				CLANG_ANALYZER_NONNULL = YES;
				CLANG_ANALYZER_NUMBER_OBJECT_CONVERSION = YES_AGGRESSIVE;
				CLANG_CXX_LANGUAGE_STANDARD = "gnu++20";
				CLANG_ENABLE_MODULES = YES;
				CLANG_ENABLE_OBJC_ARC = YES;
				CLANG_ENABLE_OBJC_WEAK = YES;
				CLANG_WARN_BLOCK_CAPTURE_AUTORELEASING = YES;
				CLANG_WARN_BOOL_CONVERSION = YES;
				CLANG_WARN_COMMA = YES;
				CLANG_WARN_CONSTANT_CONVERSION = YES;
				CLANG_WARN_DEPRECATED_OBJC_IMPLEMENTATIONS = YES;
				CLANG_WARN_DIRECT_OBJC_ISA_USAGE = YES_ERROR;
				CLANG_WARN_DOCUMENTATION_COMMENTS = YES;
				CLANG_WARN_EMPTY_BODY = YES;
				CLANG_WARN_ENUM_CONVERSION = YES;
				CLANG_WARN_INFINITE_RECURSION = YES;
				CLANG_WARN_INT_CONVERSION = YES;
				CLANG_WARN_NON_LITERAL_NULL_CONVERSION = YES;
				CLANG_WARN_OBJC_IMPLICIT_RETAIN_SELF = YES;
				CLANG_WARN_OBJC_LITERAL_CONVERSION = YES;
				CLANG_WARN_OBJC_ROOT_CLASS = YES_ERROR;
				CLANG_WARN_QUOTED_INCLUDE_IN_FRAMEWORK_HEADER = YES;
				CLANG_WARN_RANGE_LOOP_ANALYSIS = YES;
				CLANG_WARN_STRICT_PROTOTYPES = YES;
				CLANG_WARN_SUSPICIOUS_MOVE = YES;
				CLANG_WARN_UNGUARDED_AVAILABILITY = YES_AGGRESSIVE;
				CLANG_WARN_UNREACHABLE_CODE = YES;
				CLANG_WARN__DUPLICATE_METHOD_MATCH = YES;
				COPY_PHASE_STRIP = NO;
				DEBUG_INFORMATION_FORMAT = "dwarf-with-dsym";
				ENABLE_NS_ASSERTIONS = NO;
				ENABLE_STRICT_OBJC_MSGSEND = YES;
				ENABLE_USER_SCRIPT_SANDBOXING = YES;
				GCC_C_LANGUAGE_STANDARD = gnu17;
				GCC_NO_COMMON_BLOCKS = YES;
				GCC_WARN_64_TO_32_BIT_CONVERSION = YES;
				GCC_WARN_ABOUT_RETURN_TYPE = YES_ERROR;
				GCC_WARN_UNDECLARED_SELECTOR = YES;
				GCC_WARN_UNINITIALIZED_AUTOS = YES_AGGRESSIVE;
				GCC_WARN_UNUSED_FUNCTION = YES;
				GCC_WARN_UNUSED_VARIABLE = YES;
				LOCALIZATION_PREFERS_STRING_CATALOGS = YES;
				MTL_ENABLE_DEBUG_INFO = NO;
				MTL_FAST_MATH = YES;
				SWIFT_COMPILATION_MODE = wholemodule;
			};
			name = Release;
		};
		927D28F82C836C9A004049DE /* Debug */ = {
			isa = XCBuildConfiguration;
			baseConfigurationReference = 92459B312C8762B300305798 /* Config.xcconfig */;
			buildSettings = {
				ALWAYS_EMBED_SWIFT_STANDARD_LIBRARIES = YES;
				ASSETCATALOG_COMPILER_APPICON_NAME = AppIcon;
				ASSETCATALOG_COMPILER_GLOBAL_ACCENT_COLOR_NAME = AccentColor;
				CODE_SIGN_ENTITLEMENTS = breakFlow/breakFlow.entitlements;
				CODE_SIGN_STYLE = Automatic;
				CURRENT_PROJECT_VERSION = "$(BUILD_NUMBER)";
				DEVELOPMENT_ASSET_PATHS = "\"breakFlow/Preview Content\"";
				DEVELOPMENT_TEAM = J349HN2J4J;
				ENABLE_HARDENED_RUNTIME = YES;
				ENABLE_PREVIEWS = YES;
				GENERATE_INFOPLIST_FILE = YES;
				"INFOPLIST_KEY_UIApplicationSceneManifest_Generation[sdk=iphoneos*]" = YES;
				"INFOPLIST_KEY_UIApplicationSceneManifest_Generation[sdk=iphonesimulator*]" = YES;
				"INFOPLIST_KEY_UIApplicationSupportsIndirectInputEvents[sdk=iphoneos*]" = YES;
				"INFOPLIST_KEY_UIApplicationSupportsIndirectInputEvents[sdk=iphonesimulator*]" = YES;
				"INFOPLIST_KEY_UILaunchScreen_Generation[sdk=iphoneos*]" = YES;
				"INFOPLIST_KEY_UILaunchScreen_Generation[sdk=iphonesimulator*]" = YES;
				"INFOPLIST_KEY_UIStatusBarStyle[sdk=iphoneos*]" = UIStatusBarStyleDefault;
				"INFOPLIST_KEY_UIStatusBarStyle[sdk=iphonesimulator*]" = UIStatusBarStyleDefault;
				INFOPLIST_KEY_UISupportedInterfaceOrientations_iPad = "UIInterfaceOrientationPortrait UIInterfaceOrientationPortraitUpsideDown UIInterfaceOrientationLandscapeLeft UIInterfaceOrientationLandscapeRight";
				INFOPLIST_KEY_UISupportedInterfaceOrientations_iPhone = "UIInterfaceOrientationPortrait UIInterfaceOrientationLandscapeLeft UIInterfaceOrientationLandscapeRight";
				IPHONEOS_DEPLOYMENT_TARGET = 16.0;
				LD_RUNPATH_SEARCH_PATHS = "@executable_path/Frameworks";
				"LD_RUNPATH_SEARCH_PATHS[sdk=macosx*]" = "@executable_path/../Frameworks";
				MACOSX_DEPLOYMENT_TARGET = 13.0;
				MARKETING_VERSION = "$(VERSION)";
				PRODUCT_BUNDLE_IDENTIFIER = com.viktorgordienko.breakFlow;
				PRODUCT_NAME = "$(TARGET_NAME)";
				SDKROOT = auto;
				SUPPORTED_PLATFORMS = "iphoneos iphonesimulator macosx";
				SUPPORTS_MACCATALYST = NO;
				SWIFT_EMIT_LOC_STRINGS = YES;
				SWIFT_VERSION = 5.0;
				TARGETED_DEVICE_FAMILY = "1,2";
				WATCHOS_DEPLOYMENT_TARGET = 9.0;
			};
			name = Debug;
		};
		927D28F92C836C9A004049DE /* Release */ = {
			isa = XCBuildConfiguration;
			baseConfigurationReference = 92459B312C8762B300305798 /* Config.xcconfig */;
			buildSettings = {
				ALWAYS_EMBED_SWIFT_STANDARD_LIBRARIES = YES;
				ASSETCATALOG_COMPILER_APPICON_NAME = AppIcon;
				ASSETCATALOG_COMPILER_GLOBAL_ACCENT_COLOR_NAME = AccentColor;
				CODE_SIGN_ENTITLEMENTS = breakFlow/breakFlow.entitlements;
				CODE_SIGN_STYLE = Automatic;
				CURRENT_PROJECT_VERSION = "$(BUILD_NUMBER)";
				DEVELOPMENT_ASSET_PATHS = "\"breakFlow/Preview Content\"";
				DEVELOPMENT_TEAM = J349HN2J4J;
				ENABLE_HARDENED_RUNTIME = YES;
				ENABLE_PREVIEWS = YES;
				GENERATE_INFOPLIST_FILE = YES;
				"INFOPLIST_KEY_UIApplicationSceneManifest_Generation[sdk=iphoneos*]" = YES;
				"INFOPLIST_KEY_UIApplicationSceneManifest_Generation[sdk=iphonesimulator*]" = YES;
				"INFOPLIST_KEY_UIApplicationSupportsIndirectInputEvents[sdk=iphoneos*]" = YES;
				"INFOPLIST_KEY_UIApplicationSupportsIndirectInputEvents[sdk=iphonesimulator*]" = YES;
				"INFOPLIST_KEY_UILaunchScreen_Generation[sdk=iphoneos*]" = YES;
				"INFOPLIST_KEY_UILaunchScreen_Generation[sdk=iphonesimulator*]" = YES;
				"INFOPLIST_KEY_UIStatusBarStyle[sdk=iphoneos*]" = UIStatusBarStyleDefault;
				"INFOPLIST_KEY_UIStatusBarStyle[sdk=iphonesimulator*]" = UIStatusBarStyleDefault;
				INFOPLIST_KEY_UISupportedInterfaceOrientations_iPad = "UIInterfaceOrientationPortrait UIInterfaceOrientationPortraitUpsideDown UIInterfaceOrientationLandscapeLeft UIInterfaceOrientationLandscapeRight";
				INFOPLIST_KEY_UISupportedInterfaceOrientations_iPhone = "UIInterfaceOrientationPortrait UIInterfaceOrientationLandscapeLeft UIInterfaceOrientationLandscapeRight";
				IPHONEOS_DEPLOYMENT_TARGET = 16.0;
				LD_RUNPATH_SEARCH_PATHS = "@executable_path/Frameworks";
				"LD_RUNPATH_SEARCH_PATHS[sdk=macosx*]" = "@executable_path/../Frameworks";
				MACOSX_DEPLOYMENT_TARGET = 13.0;
				MARKETING_VERSION = "$(VERSION)";
				PRODUCT_BUNDLE_IDENTIFIER = com.viktorgordienko.breakFlow;
				PRODUCT_NAME = "$(TARGET_NAME)";
				SDKROOT = auto;
				SUPPORTED_PLATFORMS = "iphoneos iphonesimulator macosx";
				SUPPORTS_MACCATALYST = NO;
				SWIFT_EMIT_LOC_STRINGS = YES;
				SWIFT_VERSION = 5.0;
				TARGETED_DEVICE_FAMILY = "1,2";
				WATCHOS_DEPLOYMENT_TARGET = 9.0;
			};
			name = Release;
		};
/* End XCBuildConfiguration section */

/* Begin XCConfigurationList section */
		92459B5C2C876B8800305798 /* Build configuration list for PBXNativeTarget "breakFlow-watchOS Watch App" */ = {
			isa = XCConfigurationList;
			buildConfigurations = (
				92459B5D2C876B8800305798 /* Debug */,
				92459B5E2C876B8800305798 /* Release */,
			);
			defaultConfigurationIsVisible = 0;
			defaultConfigurationName = Release;
		};
		927D28E32C836C99004049DE /* Build configuration list for PBXProject "breakFlow" */ = {
			isa = XCConfigurationList;
			buildConfigurations = (
				927D28F52C836C9A004049DE /* Debug */,
				927D28F62C836C9A004049DE /* Release */,
			);
			defaultConfigurationIsVisible = 0;
			defaultConfigurationName = Release;
		};
		927D28F72C836C9A004049DE /* Build configuration list for PBXNativeTarget "breakFlow" */ = {
			isa = XCConfigurationList;
			buildConfigurations = (
				927D28F82C836C9A004049DE /* Debug */,
				927D28F92C836C9A004049DE /* Release */,
			);
			defaultConfigurationIsVisible = 0;
			defaultConfigurationName = Release;
		};
/* End XCConfigurationList section */
	};
	rootObject = 927D28E02C836C99004049DE /* Project object */;
}
