// !$*UTF8*$!
{
	archiveVersion = 1;
	classes = {
	};
	objectVersion = 46;
	objects = {

/* Begin PBXBuildFile section */
		05329BA91EF3411A00CC6547 /* AppDelegate.swift in Sources */ = {isa = PBXBuildFile; fileRef = 05329BA81EF3411A00CC6547 /* AppDelegate.swift */; };
		05329BAB1EF3411A00CC6547 /* ViewController.swift in Sources */ = {isa = PBXBuildFile; fileRef = 05329BAA1EF3411A00CC6547 /* ViewController.swift */; };
		05329BAE1EF3411A00CC6547 /* Main.storyboard in Resources */ = {isa = PBXBuildFile; fileRef = 05329BAC1EF3411A00CC6547 /* Main.storyboard */; };
		05329BB31EF3411A00CC6547 /* LaunchScreen.storyboard in Resources */ = {isa = PBXBuildFile; fileRef = 05329BB11EF3411A00CC6547 /* LaunchScreen.storyboard */; };
		05329BBB1EF3982C00CC6547 /* Assets.xcassets in Resources */ = {isa = PBXBuildFile; fileRef = 05329BBA1EF3982C00CC6547 /* Assets.xcassets */; };
		055836B9222E180F00A0F80C /* 90sp54.wav in Resources */ = {isa = PBXBuildFile; fileRef = 055836B8222E180F00A0F80C /* 90sp54.wav */; };
		055836BB222E189500A0F80C /* 100SP11.wav in Resources */ = {isa = PBXBuildFile; fileRef = 055836BA222E189500A0F80C /* 100SP11.wav */; };
		055836BD222E199D00A0F80C /* 110SP59.wav in Resources */ = {isa = PBXBuildFile; fileRef = 055836BC222E199D00A0F80C /* 110SP59.wav */; };
		055836BF222E19B200A0F80C /* 110SP58.wav in Resources */ = {isa = PBXBuildFile; fileRef = 055836BE222E19B200A0F80C /* 110SP58.wav */; };
		055836C1222E19D700A0F80C /* 115SP21.wav in Resources */ = {isa = PBXBuildFile; fileRef = 055836C0222E19D700A0F80C /* 115SP21.wav */; };
		055836C4222E19F000A0F80C /* 115SP23.wav in Resources */ = {isa = PBXBuildFile; fileRef = 055836C2222E19F000A0F80C /* 115SP23.wav */; };
		055836C5222E19F000A0F80C /* 115SP22.wav in Resources */ = {isa = PBXBuildFile; fileRef = 055836C3222E19F000A0F80C /* 115SP22.wav */; };
		055E518E222C207B003FE693 /* ViewController30sec.swift in Sources */ = {isa = PBXBuildFile; fileRef = 055E518D222C207B003FE693 /* ViewController30sec.swift */; };
		0578FAF02222DFD0004CF8C1 /* TableViewController.swift in Sources */ = {isa = PBXBuildFile; fileRef = 0578FAEF2222DFD0004CF8C1 /* TableViewController.swift */; };
		0578FAF322259595004CF8C1 /* 90sp14.wav in Resources */ = {isa = PBXBuildFile; fileRef = 0578FAF222259595004CF8C1 /* 90sp14.wav */; };
		0578FAF5222596D9004CF8C1 /* 90sp18.wav in Resources */ = {isa = PBXBuildFile; fileRef = 0578FAF4222596D9004CF8C1 /* 90sp18.wav */; };
		0578FAF722259716004CF8C1 /* 90sp50.wav in Resources */ = {isa = PBXBuildFile; fileRef = 0578FAF622259716004CF8C1 /* 90sp50.wav */; };
/* End PBXBuildFile section */

/* Begin PBXFileReference section */
		05329BA51EF3411A00CC6547 /* breakFlow.app */ = {isa = PBXFileReference; explicitFileType = wrapper.application; includeInIndex = 0; path = breakFlow.app; sourceTree = BUILT_PRODUCTS_DIR; };
		05329BA81EF3411A00CC6547 /* AppDelegate.swift */ = {isa = PBXFileReference; lastKnownFileType = sourcecode.swift; path = AppDelegate.swift; sourceTree = "<group>"; };
		05329BAA1EF3411A00CC6547 /* ViewController.swift */ = {isa = PBXFileReference; lastKnownFileType = sourcecode.swift; path = ViewController.swift; sourceTree = "<group>"; };
		05329BAD1EF3411A00CC6547 /* Base */ = {isa = PBXFileReference; lastKnownFileType = file.storyboard; name = Base; path = Base.lproj/Main.storyboard; sourceTree = "<group>"; };
		05329BB21EF3411A00CC6547 /* Base */ = {isa = PBXFileReference; lastKnownFileType = file.storyboard; name = Base; path = Base.lproj/LaunchScreen.storyboard; sourceTree = "<group>"; };
		05329BB41EF3411A00CC6547 /* Info.plist */ = {isa = PBXFileReference; lastKnownFileType = text.plist.xml; path = Info.plist; sourceTree = "<group>"; };
		05329BBA1EF3982C00CC6547 /* Assets.xcassets */ = {isa = PBXFileReference; lastKnownFileType = folder.assetcatalog; path = Assets.xcassets; sourceTree = "<group>"; };
		055836B8222E180F00A0F80C /* 90sp54.wav */ = {isa = PBXFileReference; lastKnownFileType = audio.wav; path = 90sp54.wav; sourceTree = "<group>"; };
		055836BA222E189500A0F80C /* 100SP11.wav */ = {isa = PBXFileReference; lastKnownFileType = audio.wav; path = 100SP11.wav; sourceTree = "<group>"; };
		055836BC222E199D00A0F80C /* 110SP59.wav */ = {isa = PBXFileReference; lastKnownFileType = audio.wav; path = 110SP59.wav; sourceTree = "<group>"; };
		055836BE222E19B200A0F80C /* 110SP58.wav */ = {isa = PBXFileReference; lastKnownFileType = audio.wav; path = 110SP58.wav; sourceTree = "<group>"; };
		055836C0222E19D700A0F80C /* 115SP21.wav */ = {isa = PBXFileReference; lastKnownFileType = audio.wav; path = 115SP21.wav; sourceTree = "<group>"; };
		055836C2222E19F000A0F80C /* 115SP23.wav */ = {isa = PBXFileReference; lastKnownFileType = audio.wav; path = 115SP23.wav; sourceTree = "<group>"; };
		055836C3222E19F000A0F80C /* 115SP22.wav */ = {isa = PBXFileReference; lastKnownFileType = audio.wav; path = 115SP22.wav; sourceTree = "<group>"; };
		055E518D222C207B003FE693 /* ViewController30sec.swift */ = {isa = PBXFileReference; lastKnownFileType = sourcecode.swift; path = ViewController30sec.swift; sourceTree = "<group>"; };
		0578FAEF2222DFD0004CF8C1 /* TableViewController.swift */ = {isa = PBXFileReference; lastKnownFileType = sourcecode.swift; path = TableViewController.swift; sourceTree = "<group>"; };
		0578FAF222259595004CF8C1 /* 90sp14.wav */ = {isa = PBXFileReference; lastKnownFileType = audio.wav; path = 90sp14.wav; sourceTree = "<group>"; };
		0578FAF4222596D9004CF8C1 /* 90sp18.wav */ = {isa = PBXFileReference; lastKnownFileType = audio.wav; path = 90sp18.wav; sourceTree = "<group>"; };
		0578FAF622259716004CF8C1 /* 90sp50.wav */ = {isa = PBXFileReference; lastKnownFileType = audio.wav; path = 90sp50.wav; sourceTree = "<group>"; };
/* End PBXFileReference section */

/* Begin PBXFrameworksBuildPhase section */
		05329BA21EF3411900CC6547 /* Frameworks */ = {
			isa = PBXFrameworksBuildPhase;
			buildActionMask = 2147483647;
			files = (
			);
			runOnlyForDeploymentPostprocessing = 0;
		};
/* End PBXFrameworksBuildPhase section */

/* Begin PBXGroup section */
		05329B9C1EF3411900CC6547 = {
			isa = PBXGroup;
			children = (
				05329BA71EF3411A00CC6547 /* breakFlow */,
				05329BA61EF3411A00CC6547 /* Products */,
			);
			sourceTree = "<group>";
		};
		05329BA61EF3411A00CC6547 /* Products */ = {
			isa = PBXGroup;
			children = (
				05329BA51EF3411A00CC6547 /* breakFlow.app */,
			);
			name = Products;
			sourceTree = "<group>";
		};
		05329BA71EF3411A00CC6547 /* breakFlow */ = {
			isa = PBXGroup;
			children = (
				05329BA81EF3411A00CC6547 /* AppDelegate.swift */,
				05329BAA1EF3411A00CC6547 /* ViewController.swift */,
				0578FAEF2222DFD0004CF8C1 /* TableViewController.swift */,
				055E518D222C207B003FE693 /* ViewController30sec.swift */,
				05329BBA1EF3982C00CC6547 /* Assets.xcassets */,
				05329BAC1EF3411A00CC6547 /* Main.storyboard */,
				05329BB11EF3411A00CC6547 /* LaunchScreen.storyboard */,
				0578FAF222259595004CF8C1 /* 90sp14.wav */,
				0578FAF4222596D9004CF8C1 /* 90sp18.wav */,
				0578FAF622259716004CF8C1 /* 90sp50.wav */,
				055836B8222E180F00A0F80C /* 90sp54.wav */,
				055836BA222E189500A0F80C /* 100SP11.wav */,
				055836BE222E19B200A0F80C /* 110SP58.wav */,
				055836BC222E199D00A0F80C /* 110SP59.wav */,
				055836C0222E19D700A0F80C /* 115SP21.wav */,
				055836C3222E19F000A0F80C /* 115SP22.wav */,
				055836C2222E19F000A0F80C /* 115SP23.wav */,
				05329BB41EF3411A00CC6547 /* Info.plist */,
			);
			path = breakFlow;
			sourceTree = "<group>";
		};
/* End PBXGroup section */

/* Begin PBXNativeTarget section */
		05329BA41EF3411900CC6547 /* breakFlow */ = {
			isa = PBXNativeTarget;
			buildConfigurationList = 05329BB71EF3411A00CC6547 /* Build configuration list for PBXNativeTarget "breakFlow" */;
			buildPhases = (
				05329BA11EF3411900CC6547 /* Sources */,
				05329BA21EF3411900CC6547 /* Frameworks */,
				05329BA31EF3411900CC6547 /* Resources */,
			);
			buildRules = (
			);
			dependencies = (
			);
			name = breakFlow;
			productName = breakFlow;
			productReference = 05329BA51EF3411A00CC6547 /* breakFlow.app */;
			productType = "com.apple.product-type.application";
		};
/* End PBXNativeTarget section */

/* Begin PBXProject section */
		05329B9D1EF3411900CC6547 /* Project object */ = {
			isa = PBXProject;
			attributes = {
				LastSwiftUpdateCheck = 0820;
				LastUpgradeCheck = 0930;
				ORGANIZATIONNAME = "Viktor Gordienko";
				TargetAttributes = {
					05329BA41EF3411900CC6547 = {
						CreatedOnToolsVersion = 8.2.1;
						DevelopmentTeam = J349HN2J4J;
						LastSwiftMigration = 0930;
						ProvisioningStyle = Automatic;
					};
				};
			};
			buildConfigurationList = 05329BA01EF3411900CC6547 /* Build configuration list for PBXProject "breakFlow" */;
			compatibilityVersion = "Xcode 3.2";
			developmentRegion = English;
			hasScannedForEncodings = 0;
			knownRegions = (
				en,
				Base,
			);
			mainGroup = 05329B9C1EF3411900CC6547;
			productRefGroup = 05329BA61EF3411A00CC6547 /* Products */;
			projectDirPath = "";
			projectRoot = "";
			targets = (
				05329BA41EF3411900CC6547 /* breakFlow */,
			);
		};
/* End PBXProject section */

/* Begin PBXResourcesBuildPhase section */
		05329BA31EF3411900CC6547 /* Resources */ = {
			isa = PBXResourcesBuildPhase;
			buildActionMask = 2147483647;
			files = (
				05329BB31EF3411A00CC6547 /* LaunchScreen.storyboard in Resources */,
				055836B9222E180F00A0F80C /* 90sp54.wav in Resources */,
				055836BD222E199D00A0F80C /* 110SP59.wav in Resources */,
				0578FAF722259716004CF8C1 /* 90sp50.wav in Resources */,
				0578FAF5222596D9004CF8C1 /* 90sp18.wav in Resources */,
				05329BBB1EF3982C00CC6547 /* Assets.xcassets in Resources */,
				055836C5222E19F000A0F80C /* 115SP22.wav in Resources */,
				055836C4222E19F000A0F80C /* 115SP23.wav in Resources */,
				055836BB222E189500A0F80C /* 100SP11.wav in Resources */,
				055836C1222E19D700A0F80C /* 115SP21.wav in Resources */,
				055836BF222E19B200A0F80C /* 110SP58.wav in Resources */,
				05329BAE1EF3411A00CC6547 /* Main.storyboard in Resources */,
				0578FAF322259595004CF8C1 /* 90sp14.wav in Resources */,
			);
			runOnlyForDeploymentPostprocessing = 0;
		};
/* End PBXResourcesBuildPhase section */

/* Begin PBXSourcesBuildPhase section */
		05329BA11EF3411900CC6547 /* Sources */ = {
			isa = PBXSourcesBuildPhase;
			buildActionMask = 2147483647;
			files = (
				05329BAB1EF3411A00CC6547 /* ViewController.swift in Sources */,
				055E518E222C207B003FE693 /* ViewController30sec.swift in Sources */,
				0578FAF02222DFD0004CF8C1 /* TableViewController.swift in Sources */,
				05329BA91EF3411A00CC6547 /* AppDelegate.swift in Sources */,
			);
			runOnlyForDeploymentPostprocessing = 0;
		};
/* End PBXSourcesBuildPhase section */

/* Begin PBXVariantGroup section */
		05329BAC1EF3411A00CC6547 /* Main.storyboard */ = {
			isa = PBXVariantGroup;
			children = (
				05329BAD1EF3411A00CC6547 /* Base */,
			);
			name = Main.storyboard;
			sourceTree = "<group>";
		};
		05329BB11EF3411A00CC6547 /* LaunchScreen.storyboard */ = {
			isa = PBXVariantGroup;
			children = (
				05329BB21EF3411A00CC6547 /* Base */,
			);
			name = LaunchScreen.storyboard;
			sourceTree = "<group>";
		};
/* End PBXVariantGroup section */

/* Begin XCBuildConfiguration section */
		05329BB51EF3411A00CC6547 /* Debug */ = {
			isa = XCBuildConfiguration;
			buildSettings = {
				ALWAYS_SEARCH_USER_PATHS = NO;
				CLANG_ANALYZER_NONNULL = YES;
				CLANG_CXX_LANGUAGE_STANDARD = "gnu++0x";
				CLANG_CXX_LIBRARY = "libc++";
				CLANG_ENABLE_MODULES = YES;
				CLANG_ENABLE_OBJC_ARC = YES;
				CLANG_WARN_BLOCK_CAPTURE_AUTORELEASING = YES;
				CLANG_WARN_BOOL_CONVERSION = YES;
				CLANG_WARN_COMMA = YES;
				CLANG_WARN_CONSTANT_CONVERSION = YES;
				CLANG_WARN_DEPRECATED_OBJC_IMPLEMENTATIONS = YES;
				CLANG_WARN_DIRECT_OBJC_ISA_USAGE = YES_ERROR;
				CLANG_WARN_DOCUMENTATION_COMMENTS = YES;
				CLANG_WARN_EMPTY_BODY = YES;
				CLANG_WARN_ENUM_CONVERSION = YES;
				CLANG_WARN_INFINITE_RECURSION = YES;
				CLANG_WARN_INT_CONVERSION = YES;
				CLANG_WARN_NON_LITERAL_NULL_CONVERSION = YES;
				CLANG_WARN_OBJC_IMPLICIT_RETAIN_SELF = YES;
				CLANG_WARN_OBJC_LITERAL_CONVERSION = YES;
				CLANG_WARN_OBJC_ROOT_CLASS = YES_ERROR;
				CLANG_WARN_RANGE_LOOP_ANALYSIS = YES;
				CLANG_WARN_STRICT_PROTOTYPES = YES;
				CLANG_WARN_SUSPICIOUS_MOVE = YES;
				CLANG_WARN_UNREACHABLE_CODE = YES;
				CLANG_WARN__DUPLICATE_METHOD_MATCH = YES;
				"CODE_SIGN_IDENTITY[sdk=iphoneos*]" = "iPhone Developer";
				COPY_PHASE_STRIP = NO;
				DEBUG_INFORMATION_FORMAT = dwarf;
				ENABLE_STRICT_OBJC_MSGSEND = YES;
				ENABLE_TESTABILITY = YES;
				GCC_C_LANGUAGE_STANDARD = gnu99;
				GCC_DYNAMIC_NO_PIC = NO;
				GCC_NO_COMMON_BLOCKS = YES;
				GCC_OPTIMIZATION_LEVEL = 0;
				GCC_PREPROCESSOR_DEFINITIONS = (
					"DEBUG=1",
					"$(inherited)",
				);
				GCC_WARN_64_TO_32_BIT_CONVERSION = YES;
				GCC_WARN_ABOUT_RETURN_TYPE = YES_ERROR;
				GCC_WARN_UNDECLARED_SELECTOR = YES;
				GCC_WARN_UNINITIALIZED_AUTOS = YES_AGGRESSIVE;
				GCC_WARN_UNUSED_FUNCTION = YES;
				GCC_WARN_UNUSED_VARIABLE = YES;
				IPHONEOS_DEPLOYMENT_TARGET = 9.0;
				MTL_ENABLE_DEBUG_INFO = YES;
				ONLY_ACTIVE_ARCH = YES;
				SDKROOT = iphoneos;
				SWIFT_ACTIVE_COMPILATION_CONDITIONS = DEBUG;
				SWIFT_OPTIMIZATION_LEVEL = "-Onone";
			};
			name = Debug;
		};
		05329BB61EF3411A00CC6547 /* Release */ = {
			isa = XCBuildConfiguration;
			buildSettings = {
				ALWAYS_SEARCH_USER_PATHS = NO;
				CLANG_ANALYZER_NONNULL = YES;
				CLANG_CXX_LANGUAGE_STANDARD = "gnu++0x";
				CLANG_CXX_LIBRARY = "libc++";
				CLANG_ENABLE_MODULES = YES;
				CLANG_ENABLE_OBJC_ARC = YES;
				CLANG_WARN_BLOCK_CAPTURE_AUTORELEASING = YES;
				CLANG_WARN_BOOL_CONVERSION = YES;
				CLANG_WARN_COMMA = YES;
				CLANG_WARN_CONSTANT_CONVERSION = YES;
				CLANG_WARN_DEPRECATED_OBJC_IMPLEMENTATIONS = YES;
				CLANG_WARN_DIRECT_OBJC_ISA_USAGE = YES_ERROR;
				CLANG_WARN_DOCUMENTATION_COMMENTS = YES;
				CLANG_WARN_EMPTY_BODY = YES;
				CLANG_WARN_ENUM_CONVERSION = YES;
				CLANG_WARN_INFINITE_RECURSION = YES;
				CLANG_WARN_INT_CONVERSION = YES;
				CLANG_WARN_NON_LITERAL_NULL_CONVERSION = YES;
				CLANG_WARN_OBJC_IMPLICIT_RETAIN_SELF = YES;
				CLANG_WARN_OBJC_LITERAL_CONVERSION = YES;
				CLANG_WARN_OBJC_ROOT_CLASS = YES_ERROR;
				CLANG_WARN_RANGE_LOOP_ANALYSIS = YES;
				CLANG_WARN_STRICT_PROTOTYPES = YES;
				CLANG_WARN_SUSPICIOUS_MOVE = YES;
				CLANG_WARN_UNREACHABLE_CODE = YES;
				CLANG_WARN__DUPLICATE_METHOD_MATCH = YES;
				"CODE_SIGN_IDENTITY[sdk=iphoneos*]" = "iPhone Developer";
				COPY_PHASE_STRIP = NO;
				DEBUG_INFORMATION_FORMAT = "dwarf-with-dsym";
				ENABLE_NS_ASSERTIONS = NO;
				ENABLE_STRICT_OBJC_MSGSEND = YES;
				GCC_C_LANGUAGE_STANDARD = gnu99;
				GCC_NO_COMMON_BLOCKS = YES;
				GCC_WARN_64_TO_32_BIT_CONVERSION = YES;
				GCC_WARN_ABOUT_RETURN_TYPE = YES_ERROR;
				GCC_WARN_UNDECLARED_SELECTOR = YES;
				GCC_WARN_UNINITIALIZED_AUTOS = YES_AGGRESSIVE;
				GCC_WARN_UNUSED_FUNCTION = YES;
				GCC_WARN_UNUSED_VARIABLE = YES;
				IPHONEOS_DEPLOYMENT_TARGET = 9.0;
				MTL_ENABLE_DEBUG_INFO = NO;
				SDKROOT = iphoneos;
				SWIFT_OPTIMIZATION_LEVEL = "-Owholemodule";
				VALIDATE_PRODUCT = YES;
			};
			name = Release;
		};
		05329BB81EF3411A00CC6547 /* Debug */ = {
			isa = XCBuildConfiguration;
			buildSettings = {
				ASSETCATALOG_COMPILER_APPICON_NAME = AppIcon;
				DEVELOPMENT_TEAM = J349HN2J4J;
				INFOPLIST_FILE = breakFlow/Info.plist;
				LD_RUNPATH_SEARCH_PATHS = "$(inherited) @executable_path/Frameworks";
				PRODUCT_BUNDLE_IDENTIFIER = com.viktorgordienko.breakFlow;
				PRODUCT_NAME = "$(TARGET_NAME)";
				SWIFT_SWIFT3_OBJC_INFERENCE = Default;
				SWIFT_VERSION = 4.0;
			};
			name = Debug;
		};
		05329BB91EF3411A00CC6547 /* Release */ = {
			isa = XCBuildConfiguration;
			buildSettings = {
				ASSETCATALOG_COMPILER_APPICON_NAME = AppIcon;
				DEVELOPMENT_TEAM = J349HN2J4J;
				INFOPLIST_FILE = breakFlow/Info.plist;
				LD_RUNPATH_SEARCH_PATHS = "$(inherited) @executable_path/Frameworks";
				PRODUCT_BUNDLE_IDENTIFIER = com.viktorgordienko.breakFlow;
				PRODUCT_NAME = "$(TARGET_NAME)";
				SWIFT_SWIFT3_OBJC_INFERENCE = Default;
				SWIFT_VERSION = 4.0;
			};
			name = Release;
		};
/* End XCBuildConfiguration section */

/* Begin XCConfigurationList section */
		05329BA01EF3411900CC6547 /* Build configuration list for PBXProject "breakFlow" */ = {
			isa = XCConfigurationList;
			buildConfigurations = (
				05329BB51EF3411A00CC6547 /* Debug */,
				05329BB61EF3411A00CC6547 /* Release */,
			);
			defaultConfigurationIsVisible = 0;
			defaultConfigurationName = Release;
		};
		05329BB71EF3411A00CC6547 /* Build configuration list for PBXNativeTarget "breakFlow" */ = {
			isa = XCConfigurationList;
			buildConfigurations = (
				05329BB81EF3411A00CC6547 /* Debug */,
				05329BB91EF3411A00CC6547 /* Release */,
			);
			defaultConfigurationIsVisible = 0;
			defaultConfigurationName = Release;
		};
/* End XCConfigurationList section */
	};
	rootObject = 05329B9D1EF3411900CC6547 /* Project object */;
}
